{
  "requires": true,
  "lockfileVersion": 1,
  "dependencies": {
    "hyper-dracula": {
      "version": "0.1.8",
      "resolved": "https://registry.npmjs.org/hyper-dracula/-/hyper-dracula-0.1.8.tgz",
      "integrity": "sha512-JK6XV+yK561I1iTSaMuzvHnhmy4dCF/cvLteCi09OmHYTRcvKZPPMALuAcFiqcOZldmBMq/JS8p7N34nMFJK/A=="
    }
  }
}
